// !$*UTF8*$!
{
	archiveVersion = 1;
	classes = {
	};
	objectVersion = 55;
	objects = {

/* Begin PBXBuildFile section */
		469B0ADE28884B5800B45A3F /* beach-waves-close-up-6757.mp3 in Resources */ = {isa = PBXBuildFile; fileRef = 469B0ADD28884B5800B45A3F /* beach-waves-close-up-6757.mp3 */; };
		469B0AE028884C6C00B45A3F /* JournalViewController.swift in Sources */ = {isa = PBXBuildFile; fileRef = 469B0ADF28884C6C00B45A3F /* JournalViewController.swift */; };
		469B0AE228885BDD00B45A3F /* ChecklistViewController.swift in Sources */ = {isa = PBXBuildFile; fileRef = 469B0AE128885BDD00B45A3F /* ChecklistViewController.swift */; };
		469B0AE428885C3000B45A3F /* MeditationViewController.swift in Sources */ = {isa = PBXBuildFile; fileRef = 469B0AE328885C3000B45A3F /* MeditationViewController.swift */; };
		EB18D19428870846004FD28D /* AppDelegate.swift in Sources */ = {isa = PBXBuildFile; fileRef = EB18D19328870846004FD28D /* AppDelegate.swift */; };
		EB18D19628870846004FD28D /* SceneDelegate.swift in Sources */ = {isa = PBXBuildFile; fileRef = EB18D19528870846004FD28D /* SceneDelegate.swift */; };
		EB18D19828870846004FD28D /* ViewController.swift in Sources */ = {isa = PBXBuildFile; fileRef = EB18D19728870846004FD28D /* ViewController.swift */; };
		EB18D19B28870846004FD28D /* Main.storyboard in Resources */ = {isa = PBXBuildFile; fileRef = EB18D19928870846004FD28D /* Main.storyboard */; };
		EB18D19E28870846004FD28D /* testing_github.xcdatamodeld in Sources */ = {isa = PBXBuildFile; fileRef = EB18D19C28870846004FD28D /* testing_github.xcdatamodeld */; };
		EB18D1A028870847004FD28D /* Assets.xcassets in Resources */ = {isa = PBXBuildFile; fileRef = EB18D19F28870847004FD28D /* Assets.xcassets */; };
		EB18D1A328870847004FD28D /* LaunchScreen.storyboard in Resources */ = {isa = PBXBuildFile; fileRef = EB18D1A128870847004FD28D /* LaunchScreen.storyboard */; };
/* End PBXBuildFile section */

/* Begin PBXFileReference section */
		469B0ADD28884B5800B45A3F /* beach-waves-close-up-6757.mp3 */ = {isa = PBXFileReference; lastKnownFileType = audio.mp3; path = "beach-waves-close-up-6757.mp3"; sourceTree = "<group>"; };
		469B0ADF28884C6C00B45A3F /* JournalViewController.swift */ = {isa = PBXFileReference; lastKnownFileType = sourcecode.swift; path = JournalViewController.swift; sourceTree = "<group>"; };
		469B0AE128885BDD00B45A3F /* ChecklistViewController.swift */ = {isa = PBXFileReference; lastKnownFileType = sourcecode.swift; path = ChecklistViewController.swift; sourceTree = "<group>"; };
		469B0AE328885C3000B45A3F /* MeditationViewController.swift */ = {isa = PBXFileReference; lastKnownFileType = sourcecode.swift; path = MeditationViewController.swift; sourceTree = "<group>"; };
		EB18D19028870846004FD28D /* testing github.app */ = {isa = PBXFileReference; explicitFileType = wrapper.application; includeInIndex = 0; path = "testing github.app"; sourceTree = BUILT_PRODUCTS_DIR; };
		EB18D19328870846004FD28D /* AppDelegate.swift */ = {isa = PBXFileReference; lastKnownFileType = sourcecode.swift; path = AppDelegate.swift; sourceTree = "<group>"; };
		EB18D19528870846004FD28D /* SceneDelegate.swift */ = {isa = PBXFileReference; lastKnownFileType = sourcecode.swift; path = SceneDelegate.swift; sourceTree = "<group>"; };
		EB18D19728870846004FD28D /* ViewController.swift */ = {isa = PBXFileReference; lastKnownFileType = sourcecode.swift; path = ViewController.swift; sourceTree = "<group>"; };
		EB18D19A28870846004FD28D /* Base */ = {isa = PBXFileReference; lastKnownFileType = file.storyboard; name = Base; path = Base.lproj/Main.storyboard; sourceTree = "<group>"; };
		EB18D19D28870846004FD28D /* testing_github.xcdatamodel */ = {isa = PBXFileReference; lastKnownFileType = wrapper.xcdatamodel; path = testing_github.xcdatamodel; sourceTree = "<group>"; };
		EB18D19F28870847004FD28D /* Assets.xcassets */ = {isa = PBXFileReference; lastKnownFileType = folder.assetcatalog; path = Assets.xcassets; sourceTree = "<group>"; };
		EB18D1A228870847004FD28D /* Base */ = {isa = PBXFileReference; lastKnownFileType = file.storyboard; name = Base; path = Base.lproj/LaunchScreen.storyboard; sourceTree = "<group>"; };
		EB18D1A428870847004FD28D /* Info.plist */ = {isa = PBXFileReference; lastKnownFileType = text.plist.xml; path = Info.plist; sourceTree = "<group>"; };
/* End PBXFileReference section */

/* Begin PBXFrameworksBuildPhase section */
		EB18D18D28870846004FD28D /* Frameworks */ = {
			isa = PBXFrameworksBuildPhase;
			buildActionMask = 2147483647;
			files = (
			);
			runOnlyForDeploymentPostprocessing = 0;
		};
/* End PBXFrameworksBuildPhase section */

/* Begin PBXGroup section */
		EB18D18728870846004FD28D = {
			isa = PBXGroup;
			children = (
				EB18D19228870846004FD28D /* testing github */,
				EB18D19128870846004FD28D /* Products */,
			);
			sourceTree = "<group>";
		};
		EB18D19128870846004FD28D /* Products */ = {
			isa = PBXGroup;
			children = (
				EB18D19028870846004FD28D /* testing github.app */,
			);
			name = Products;
			sourceTree = "<group>";
		};
		EB18D19228870846004FD28D /* testing github */ = {
			isa = PBXGroup;
			children = (
				469B0ADD28884B5800B45A3F /* beach-waves-close-up-6757.mp3 */,
				EB18D19328870846004FD28D /* AppDelegate.swift */,
				469B0ADF28884C6C00B45A3F /* JournalViewController.swift */,
				EB18D19528870846004FD28D /* SceneDelegate.swift */,
				EB18D19728870846004FD28D /* ViewController.swift */,
				EB18D19928870846004FD28D /* Main.storyboard */,
				469B0AE328885C3000B45A3F /* MeditationViewController.swift */,
				469B0AE128885BDD00B45A3F /* ChecklistViewController.swift */,
				EB18D19F28870847004FD28D /* Assets.xcassets */,
				EB18D1A128870847004FD28D /* LaunchScreen.storyboard */,
				EB18D1A428870847004FD28D /* Info.plist */,
				EB18D19C28870846004FD28D /* testing_github.xcdatamodeld */,
			);
			path = "testing github";
			sourceTree = "<group>";
		};
/* End PBXGroup section */

/* Begin PBXNativeTarget section */
		EB18D18F28870846004FD28D /* testing github */ = {
			isa = PBXNativeTarget;
			buildConfigurationList = EB18D1A728870847004FD28D /* Build configuration list for PBXNativeTarget "testing github" */;
			buildPhases = (
				EB18D18C28870846004FD28D /* Sources */,
				EB18D18D28870846004FD28D /* Frameworks */,
				EB18D18E28870846004FD28D /* Resources */,
			);
			buildRules = (
			);
			dependencies = (
			);
			name = "testing github";
			productName = "testing github";
			productReference = EB18D19028870846004FD28D /* testing github.app */;
			productType = "com.apple.product-type.application";
		};
/* End PBXNativeTarget section */

/* Begin PBXProject section */
		EB18D18828870846004FD28D /* Project object */ = {
			isa = PBXProject;
			attributes = {
				BuildIndependentTargetsInParallel = 1;
				LastSwiftUpdateCheck = 1340;
				LastUpgradeCheck = 1340;
				TargetAttributes = {
					EB18D18F28870846004FD28D = {
						CreatedOnToolsVersion = 13.4.1;
					};
				};
			};
			buildConfigurationList = EB18D18B28870846004FD28D /* Build configuration list for PBXProject "testing github" */;
			compatibilityVersion = "Xcode 13.0";
			developmentRegion = en;
			hasScannedForEncodings = 0;
			knownRegions = (
				en,
				Base,
			);
			mainGroup = EB18D18728870846004FD28D;
			productRefGroup = EB18D19128870846004FD28D /* Products */;
			projectDirPath = "";
			projectRoot = "";
			targets = (
				EB18D18F28870846004FD28D /* testing github */,
			);
		};
/* End PBXProject section */

/* Begin PBXResourcesBuildPhase section */
		EB18D18E28870846004FD28D /* Resources */ = {
			isa = PBXResourcesBuildPhase;
			buildActionMask = 2147483647;
			files = (
				469B0ADE28884B5800B45A3F /* beach-waves-close-up-6757.mp3 in Resources */,
				EB18D1A328870847004FD28D /* LaunchScreen.storyboard in Resources */,
				EB18D1A028870847004FD28D /* Assets.xcassets in Resources */,
				EB18D19B28870846004FD28D /* Main.storyboard in Resources */,
			);
			runOnlyForDeploymentPostprocessing = 0;
		};
/* End PBXResourcesBuildPhase section */

/* Begin PBXSourcesBuildPhase section */
		EB18D18C28870846004FD28D /* Sources */ = {
			isa = PBXSourcesBuildPhase;
			buildActionMask = 2147483647;
			files = (
				EB18D19828870846004FD28D /* ViewController.swift in Sources */,
				469B0AE228885BDD00B45A3F /* ChecklistViewController.swift in Sources */,
				EB18D19428870846004FD28D /* AppDelegate.swift in Sources */,
				EB18D19628870846004FD28D /* SceneDelegate.swift in Sources */,
				469B0AE428885C3000B45A3F /* MeditationViewController.swift in Sources */,
				EB18D19E28870846004FD28D /* testing_github.xcdatamodeld in Sources */,
				469B0AE028884C6C00B45A3F /* JournalViewController.swift in Sources */,
			);
			runOnlyForDeploymentPostprocessing = 0;
		};
/* End PBXSourcesBuildPhase section */

/* Begin PBXVariantGroup section */
		EB18D19928870846004FD28D /* Main.storyboard */ = {
			isa = PBXVariantGroup;
			children = (
				EB18D19A28870846004FD28D /* Base */,
			);
			name = Main.storyboard;
			sourceTree = "<group>";
		};
		EB18D1A128870847004FD28D /* LaunchScreen.storyboard */ = {
			isa = PBXVariantGroup;
			children = (
				EB18D1A228870847004FD28D /* Base */,
			);
			name = LaunchScreen.storyboard;
			sourceTree = "<group>";
		};
/* End PBXVariantGroup section */

/* Begin XCBuildConfiguration section */
		EB18D1A528870847004FD28D /* Debug */ = {
			isa = XCBuildConfiguration;
			buildSettings = {
				ALWAYS_SEARCH_USER_PATHS = NO;
				CLANG_ANALYZER_NONNULL = YES;
				CLANG_ANALYZER_NUMBER_OBJECT_CONVERSION = YES_AGGRESSIVE;
				CLANG_CXX_LANGUAGE_STANDARD = "gnu++17";
				CLANG_ENABLE_MODULES = YES;
				CLANG_ENABLE_OBJC_ARC = YES;
				CLANG_ENABLE_OBJC_WEAK = YES;
				CLANG_WARN_BLOCK_CAPTURE_AUTORELEASING = YES;
				CLANG_WARN_BOOL_CONVERSION = YES;
				CLANG_WARN_COMMA = YES;
				CLANG_WARN_CONSTANT_CONVERSION = YES;
				CLANG_WARN_DEPRECATED_OBJC_IMPLEMENTATIONS = YES;
				CLANG_WARN_DIRECT_OBJC_ISA_USAGE = YES_ERROR;
				CLANG_WARN_DOCUMENTATION_COMMENTS = YES;
				CLANG_WARN_EMPTY_BODY = YES;
				CLANG_WARN_ENUM_CONVERSION = YES;
				CLANG_WARN_INFINITE_RECURSION = YES;
				CLANG_WARN_INT_CONVERSION = YES;
				CLANG_WARN_NON_LITERAL_NULL_CONVERSION = YES;
				CLANG_WARN_OBJC_IMPLICIT_RETAIN_SELF = YES;
				CLANG_WARN_OBJC_LITERAL_CONVERSION = YES;
				CLANG_WARN_OBJC_ROOT_CLASS = YES_ERROR;
				CLANG_WARN_QUOTED_INCLUDE_IN_FRAMEWORK_HEADER = YES;
				CLANG_WARN_RANGE_LOOP_ANALYSIS = YES;
				CLANG_WARN_STRICT_PROTOTYPES = YES;
				CLANG_WARN_SUSPICIOUS_MOVE = YES;
				CLANG_WARN_UNGUARDED_AVAILABILITY = YES_AGGRESSIVE;
				CLANG_WARN_UNREACHABLE_CODE = YES;
				CLANG_WARN__DUPLICATE_METHOD_MATCH = YES;
				COPY_PHASE_STRIP = NO;
				DEBUG_INFORMATION_FORMAT = dwarf;
				ENABLE_STRICT_OBJC_MSGSEND = YES;
				ENABLE_TESTABILITY = YES;
				GCC_C_LANGUAGE_STANDARD = gnu11;
				GCC_DYNAMIC_NO_PIC = NO;
				GCC_NO_COMMON_BLOCKS = YES;
				GCC_OPTIMIZATION_LEVEL = 0;
				GCC_PREPROCESSOR_DEFINITIONS = (
					"DEBUG=1",
					"$(inherited)",
				);
				GCC_WARN_64_TO_32_BIT_CONVERSION = YES;
				GCC_WARN_ABOUT_RETURN_TYPE = YES_ERROR;
				GCC_WARN_UNDECLARED_SELECTOR = YES;
				GCC_WARN_UNINITIALIZED_AUTOS = YES_AGGRESSIVE;
				GCC_WARN_UNUSED_FUNCTION = YES;
				GCC_WARN_UNUSED_VARIABLE = YES;
				IPHONEOS_DEPLOYMENT_TARGET = 15.5;
				MTL_ENABLE_DEBUG_INFO = INCLUDE_SOURCE;
				MTL_FAST_MATH = YES;
				ONLY_ACTIVE_ARCH = YES;
				SDKROOT = iphoneos;
				SWIFT_ACTIVE_COMPILATION_CONDITIONS = DEBUG;
				SWIFT_OPTIMIZATION_LEVEL = "-Onone";
			};
			name = Debug;
		};
		EB18D1A628870847004FD28D /* Release */ = {
			isa = XCBuildConfiguration;
			buildSettings = {
				ALWAYS_SEARCH_USER_PATHS = NO;
				CLANG_ANALYZER_NONNULL = YES;
				CLANG_ANALYZER_NUMBER_OBJECT_CONVERSION = YES_AGGRESSIVE;
				CLANG_CXX_LANGUAGE_STANDARD = "gnu++17";
				CLANG_ENABLE_MODULES = YES;
				CLANG_ENABLE_OBJC_ARC = YES;
				CLANG_ENABLE_OBJC_WEAK = YES;
				CLANG_WARN_BLOCK_CAPTURE_AUTORELEASING = YES;
				CLANG_WARN_BOOL_CONVERSION = YES;
				CLANG_WARN_COMMA = YES;
				CLANG_WARN_CONSTANT_CONVERSION = YES;
				CLANG_WARN_DEPRECATED_OBJC_IMPLEMENTATIONS = YES;
				CLANG_WARN_DIRECT_OBJC_ISA_USAGE = YES_ERROR;
				CLANG_WARN_DOCUMENTATION_COMMENTS = YES;
				CLANG_WARN_EMPTY_BODY = YES;
				CLANG_WARN_ENUM_CONVERSION = YES;
				CLANG_WARN_INFINITE_RECURSION = YES;
				CLANG_WARN_INT_CONVERSION = YES;
				CLANG_WARN_NON_LITERAL_NULL_CONVERSION = YES;
				CLANG_WARN_OBJC_IMPLICIT_RETAIN_SELF = YES;
				CLANG_WARN_OBJC_LITERAL_CONVERSION = YES;
				CLANG_WARN_OBJC_ROOT_CLASS = YES_ERROR;
				CLANG_WARN_QUOTED_INCLUDE_IN_FRAMEWORK_HEADER = YES;
				CLANG_WARN_RANGE_LOOP_ANALYSIS = YES;
				CLANG_WARN_STRICT_PROTOTYPES = YES;
				CLANG_WARN_SUSPICIOUS_MOVE = YES;
				CLANG_WARN_UNGUARDED_AVAILABILITY = YES_AGGRESSIVE;
				CLANG_WARN_UNREACHABLE_CODE = YES;
				CLANG_WARN__DUPLICATE_METHOD_MATCH = YES;
				COPY_PHASE_STRIP = NO;
				DEBUG_INFORMATION_FORMAT = "dwarf-with-dsym";
				ENABLE_NS_ASSERTIONS = NO;
				ENABLE_STRICT_OBJC_MSGSEND = YES;
				GCC_C_LANGUAGE_STANDARD = gnu11;
				GCC_NO_COMMON_BLOCKS = YES;
				GCC_WARN_64_TO_32_BIT_CONVERSION = YES;
				GCC_WARN_ABOUT_RETURN_TYPE = YES_ERROR;
				GCC_WARN_UNDECLARED_SELECTOR = YES;
				GCC_WARN_UNINITIALIZED_AUTOS = YES_AGGRESSIVE;
				GCC_WARN_UNUSED_FUNCTION = YES;
				GCC_WARN_UNUSED_VARIABLE = YES;
				IPHONEOS_DEPLOYMENT_TARGET = 15.5;
				MTL_ENABLE_DEBUG_INFO = NO;
				MTL_FAST_MATH = YES;
				SDKROOT = iphoneos;
				SWIFT_COMPILATION_MODE = wholemodule;
				SWIFT_OPTIMIZATION_LEVEL = "-O";
				VALIDATE_PRODUCT = YES;
			};
			name = Release;
		};
		EB18D1A828870847004FD28D /* Debug */ = {
			isa = XCBuildConfiguration;
			buildSettings = {
				ASSETCATALOG_COMPILER_APPICON_NAME = AppIcon;
				ASSETCATALOG_COMPILER_GLOBAL_ACCENT_COLOR_NAME = AccentColor;
				CODE_SIGN_STYLE = Automatic;
				CURRENT_PROJECT_VERSION = 1;
				GENERATE_INFOPLIST_FILE = YES;
				INFOPLIST_FILE = "testing github/Info.plist";
				INFOPLIST_KEY_UIApplicationSupportsIndirectInputEvents = YES;
				INFOPLIST_KEY_UILaunchStoryboardName = LaunchScreen;
				INFOPLIST_KEY_UIMainStoryboardFile = Main;
				INFOPLIST_KEY_UISupportedInterfaceOrientations_iPad = "UIInterfaceOrientationPortrait UIInterfaceOrientationPortraitUpsideDown UIInterfaceOrientationLandscapeLeft UIInterfaceOrientationLandscapeRight";
				INFOPLIST_KEY_UISupportedInterfaceOrientations_iPhone = "UIInterfaceOrientationPortrait UIInterfaceOrientationLandscapeLeft UIInterfaceOrientationLandscapeRight";
				LD_RUNPATH_SEARCH_PATHS = (
					"$(inherited)",
					"@executable_path/Frameworks",
				);
				MARKETING_VERSION = 1.0;
				PRODUCT_BUNDLE_IDENTIFIER = "kwk.testing-github";
				PRODUCT_NAME = "$(TARGET_NAME)";
				SWIFT_EMIT_LOC_STRINGS = YES;
				SWIFT_VERSION = 5.0;
				TARGETED_DEVICE_FAMILY = "1,2";
			};
			name = Debug;
		};
		EB18D1A928870847004FD28D /* Release */ = {
			isa = XCBuildConfiguration;
			buildSettings = {
				ASSETCATALOG_COMPILER_APPICON_NAME = AppIcon;
				ASSETCATALOG_COMPILER_GLOBAL_ACCENT_COLOR_NAME = AccentColor;
				CODE_SIGN_STYLE = Automatic;
				CURRENT_PROJECT_VERSION = 1;
				GENERATE_INFOPLIST_FILE = YES;
				INFOPLIST_FILE = "testing github/Info.plist";
				INFOPLIST_KEY_UIApplicationSupportsIndirectInputEvents = YES;
				INFOPLIST_KEY_UILaunchStoryboardName = LaunchScreen;
				INFOPLIST_KEY_UIMainStoryboardFile = Main;
				INFOPLIST_KEY_UISupportedInterfaceOrientations_iPad = "UIInterfaceOrientationPortrait UIInterfaceOrientationPortraitUpsideDown UIInterfaceOrientationLandscapeLeft UIInterfaceOrientationLandscapeRight";
				INFOPLIST_KEY_UISupportedInterfaceOrientations_iPhone = "UIInterfaceOrientationPortrait UIInterfaceOrientationLandscapeLeft UIInterfaceOrientationLandscapeRight";
				LD_RUNPATH_SEARCH_PATHS = (
					"$(inherited)",
					"@executable_path/Frameworks",
				);
				MARKETING_VERSION = 1.0;
				PRODUCT_BUNDLE_IDENTIFIER = "kwk.testing-github";
				PRODUCT_NAME = "$(TARGET_NAME)";
				SWIFT_EMIT_LOC_STRINGS = YES;
				SWIFT_VERSION = 5.0;
				TARGETED_DEVICE_FAMILY = "1,2";
			};
			name = Release;
		};
/* End XCBuildConfiguration section */

/* Begin XCConfigurationList section */
		EB18D18B28870846004FD28D /* Build configuration list for PBXProject "testing github" */ = {
			isa = XCConfigurationList;
			buildConfigurations = (
				EB18D1A528870847004FD28D /* Debug */,
				EB18D1A628870847004FD28D /* Release */,
			);
			defaultConfigurationIsVisible = 0;
			defaultConfigurationName = Release;
		};
		EB18D1A728870847004FD28D /* Build configuration list for PBXNativeTarget "testing github" */ = {
			isa = XCConfigurationList;
			buildConfigurations = (
				EB18D1A828870847004FD28D /* Debug */,
				EB18D1A928870847004FD28D /* Release */,
			);
			defaultConfigurationIsVisible = 0;
			defaultConfigurationName = Release;
		};
/* End XCConfigurationList section */

/* Begin XCVersionGroup section */
		EB18D19C28870846004FD28D /* testing_github.xcdatamodeld */ = {
			isa = XCVersionGroup;
			children = (
				EB18D19D28870846004FD28D /* testing_github.xcdatamodel */,
			);
			currentVersion = EB18D19D28870846004FD28D /* testing_github.xcdatamodel */;
			path = testing_github.xcdatamodeld;
			sourceTree = "<group>";
			versionGroupType = wrapper.xcdatamodel;
		};
/* End XCVersionGroup section */
	};
	rootObject = EB18D18828870846004FD28D /* Project object */;
}
